// !$*UTF8*$!
{
	archiveVersion = 1;
	classes = {
	};
	objectVersion = 46;
	objects = {

/* Begin PBXBuildFile section */
		EE32A88A1D188F2D003FDCFD /* Setup.swift in Sources */ = {isa = PBXBuildFile; fileRef = EE32A8891D188F2D003FDCFD /* Setup.swift */; };
		EE9255401D1885FF00A8E5CE /* AppDelegate.swift in Sources */ = {isa = PBXBuildFile; fileRef = EE92553F1D1885FF00A8E5CE /* AppDelegate.swift */; };
		EE9255421D1885FF00A8E5CE /* ImageViewController.swift in Sources */ = {isa = PBXBuildFile; fileRef = EE9255411D1885FF00A8E5CE /* ImageViewController.swift */; };
		EE9255451D1885FF00A8E5CE /* Main.storyboard in Resources */ = {isa = PBXBuildFile; fileRef = EE9255431D1885FF00A8E5CE /* Main.storyboard */; };
		EE9255471D1885FF00A8E5CE /* Assets.xcassets in Resources */ = {isa = PBXBuildFile; fileRef = EE9255461D1885FF00A8E5CE /* Assets.xcassets */; };
		EE92554A1D1885FF00A8E5CE /* LaunchScreen.storyboard in Resources */ = {isa = PBXBuildFile; fileRef = EE9255481D1885FF00A8E5CE /* LaunchScreen.storyboard */; };
/* End PBXBuildFile section */

/* Begin PBXFileReference section */
		EE32A8891D188F2D003FDCFD /* Setup.swift */ = {isa = PBXFileReference; fileEncoding = 4; lastKnownFileType = sourcecode.swift; path = Setup.swift; sourceTree = "<group>"; };
		EE92553C1D1885FF00A8E5CE /* INSTGRM.app */ = {isa = PBXFileReference; explicitFileType = wrapper.application; includeInIndex = 0; path = INSTGRM.app; sourceTree = BUILT_PRODUCTS_DIR; };
		EE92553F1D1885FF00A8E5CE /* AppDelegate.swift */ = {isa = PBXFileReference; lastKnownFileType = sourcecode.swift; path = AppDelegate.swift; sourceTree = "<group>"; };
		EE9255411D1885FF00A8E5CE /* ImageViewController.swift */ = {isa = PBXFileReference; lastKnownFileType = sourcecode.swift; path = ImageViewController.swift; sourceTree = "<group>"; };
		EE9255441D1885FF00A8E5CE /* Base */ = {isa = PBXFileReference; lastKnownFileType = file.storyboard; name = Base; path = Base.lproj/Main.storyboard; sourceTree = "<group>"; };
		EE9255461D1885FF00A8E5CE /* Assets.xcassets */ = {isa = PBXFileReference; lastKnownFileType = folder.assetcatalog; path = Assets.xcassets; sourceTree = "<group>"; };
		EE9255491D1885FF00A8E5CE /* Base */ = {isa = PBXFileReference; lastKnownFileType = file.storyboard; name = Base; path = Base.lproj/LaunchScreen.storyboard; sourceTree = "<group>"; };
		EE92554B1D1885FF00A8E5CE /* Info.plist */ = {isa = PBXFileReference; lastKnownFileType = text.plist.xml; path = Info.plist; sourceTree = "<group>"; };
/* End PBXFileReference section */

/* Begin PBXFrameworksBuildPhase section */
		EE9255391D1885FF00A8E5CE /* Frameworks */ = {
			isa = PBXFrameworksBuildPhase;
			buildActionMask = 2147483647;
			files = (
			);
			runOnlyForDeploymentPostprocessing = 0;
		};
/* End PBXFrameworksBuildPhase section */

/* Begin PBXGroup section */
		EE9255331D1885FF00A8E5CE = {
			isa = PBXGroup;
			children = (
				EE92553E1D1885FF00A8E5CE /* INSTGRM */,
				EE92553D1D1885FF00A8E5CE /* Products */,
			);
			sourceTree = "<group>";
		};
		EE92553D1D1885FF00A8E5CE /* Products */ = {
			isa = PBXGroup;
			children = (
				EE92553C1D1885FF00A8E5CE /* INSTGRM.app */,
			);
			name = Products;
			sourceTree = "<group>";
		};
		EE92553E1D1885FF00A8E5CE /* INSTGRM */ = {
			isa = PBXGroup;
			children = (
				EE9255521D18867C00A8E5CE /* AppGlobal */,
				EE9255541D18868B00A8E5CE /* Controller */,
				EE9255511D18867800A8E5CE /* View */,
			);
			path = INSTGRM;
			sourceTree = "<group>";
		};
		EE9255511D18867800A8E5CE /* View */ = {
			isa = PBXGroup;
			children = (
				EE9255461D1885FF00A8E5CE /* Assets.xcassets */,
				EE9255481D1885FF00A8E5CE /* LaunchScreen.storyboard */,
				EE9255431D1885FF00A8E5CE /* Main.storyboard */,
				EE9255411D1885FF00A8E5CE /* ImageViewController.swift */,
			);
			name = View;
			sourceTree = "<group>";
		};
		EE9255521D18867C00A8E5CE /* AppGlobal */ = {
			isa = PBXGroup;
			children = (
				EE92553F1D1885FF00A8E5CE /* AppDelegate.swift */,
				EE92554B1D1885FF00A8E5CE /* Info.plist */,
				EE32A8891D188F2D003FDCFD /* Setup.swift */,
			);
			name = AppGlobal;
			sourceTree = "<group>";
		};
		EE9255541D18868B00A8E5CE /* Controller */ = {
			isa = PBXGroup;
			children = (
			);
			name = Controller;
			sourceTree = "<group>";
		};
/* End PBXGroup section */

/* Begin PBXNativeTarget section */
		EE92553B1D1885FF00A8E5CE /* INSTGRM */ = {
			isa = PBXNativeTarget;
			buildConfigurationList = EE92554E1D1885FF00A8E5CE /* Build configuration list for PBXNativeTarget "INSTGRM" */;
			buildPhases = (
				EE9255381D1885FF00A8E5CE /* Sources */,
				EE9255391D1885FF00A8E5CE /* Frameworks */,
				EE92553A1D1885FF00A8E5CE /* Resources */,
			);
			buildRules = (
			);
			dependencies = (
			);
			name = INSTGRM;
			productName = INSTGRM;
			productReference = EE92553C1D1885FF00A8E5CE /* INSTGRM.app */;
			productType = "com.apple.product-type.application";
		};
/* End PBXNativeTarget section */

/* Begin PBXProject section */
		EE9255341D1885FF00A8E5CE /* Project object */ = {
			isa = PBXProject;
			attributes = {
				LastSwiftUpdateCheck = 0730;
				LastUpgradeCheck = 0730;
				ORGANIZATIONNAME = "hannah gaskins";
				TargetAttributes = {
					EE92553B1D1885FF00A8E5CE = {
						CreatedOnToolsVersion = 7.3.1;
					};
				};
			};
			buildConfigurationList = EE9255371D1885FF00A8E5CE /* Build configuration list for PBXProject "INSTGRM" */;
			compatibilityVersion = "Xcode 3.2";
			developmentRegion = English;
			hasScannedForEncodings = 0;
			knownRegions = (
				en,
				Base,
			);
			mainGroup = EE9255331D1885FF00A8E5CE;
			productRefGroup = EE92553D1D1885FF00A8E5CE /* Products */;
			projectDirPath = "";
			projectRoot = "";
			targets = (
				EE92553B1D1885FF00A8E5CE /* INSTGRM */,
			);
		};
/* End PBXProject section */

/* Begin PBXResourcesBuildPhase section */
		EE92553A1D1885FF00A8E5CE /* Resources */ = {
			isa = PBXResourcesBuildPhase;
			buildActionMask = 2147483647;
			files = (
				EE92554A1D1885FF00A8E5CE /* LaunchScreen.storyboard in Resources */,
				EE9255471D1885FF00A8E5CE /* Assets.xcassets in Resources */,
				EE9255451D1885FF00A8E5CE /* Main.storyboard in Resources */,
			);
			runOnlyForDeploymentPostprocessing = 0;
		};
/* End PBXResourcesBuildPhase section */

/* Begin PBXSourcesBuildPhase section */
		EE9255381D1885FF00A8E5CE /* Sources */ = {
			isa = PBXSourcesBuildPhase;
			buildActionMask = 2147483647;
			files = (
				EE9255421D1885FF00A8E5CE /* ImageViewController.swift in Sources */,
				EE32A88A1D188F2D003FDCFD /* Setup.swift in Sources */,
				EE9255401D1885FF00A8E5CE /* AppDelegate.swift in Sources */,
			);
			runOnlyForDeploymentPostprocessing = 0;
		};
/* End PBXSourcesBuildPhase section */

/* Begin PBXVariantGroup section */
		EE9255431D1885FF00A8E5CE /* Main.storyboard */ = {
			isa = PBXVariantGroup;
			children = (
				EE9255441D1885FF00A8E5CE /* Base */,
			);
			name = Main.storyboard;
			sourceTree = "<group>";
		};
		EE9255481D1885FF00A8E5CE /* LaunchScreen.storyboard */ = {
			isa = PBXVariantGroup;
			children = (
				EE9255491D1885FF00A8E5CE /* Base */,
			);
			name = LaunchScreen.storyboard;
			sourceTree = "<group>";
		};
/* End PBXVariantGroup section */

/* Begin XCBuildConfiguration section */
		EE92554C1D1885FF00A8E5CE /* Debug */ = {
			isa = XCBuildConfiguration;
			buildSettings = {
				ALWAYS_SEARCH_USER_PATHS = NO;
				CLANG_ANALYZER_NONNULL = YES;
				CLANG_CXX_LANGUAGE_STANDARD = "gnu++0x";
				CLANG_CXX_LIBRARY = "libc++";
				CLANG_ENABLE_MODULES = YES;
				CLANG_ENABLE_OBJC_ARC = YES;
				CLANG_WARN_BOOL_CONVERSION = YES;
				CLANG_WARN_CONSTANT_CONVERSION = YES;
				CLANG_WARN_DIRECT_OBJC_ISA_USAGE = YES_ERROR;
				CLANG_WARN_EMPTY_BODY = YES;
				CLANG_WARN_ENUM_CONVERSION = YES;
				CLANG_WARN_INT_CONVERSION = YES;
				CLANG_WARN_OBJC_ROOT_CLASS = YES_ERROR;
				CLANG_WARN_UNREACHABLE_CODE = YES;
				CLANG_WARN__DUPLICATE_METHOD_MATCH = YES;
				"CODE_SIGN_IDENTITY[sdk=iphoneos*]" = "iPhone Developer";
				COPY_PHASE_STRIP = NO;
				DEBUG_INFORMATION_FORMAT = dwarf;
				ENABLE_STRICT_OBJC_MSGSEND = YES;
				ENABLE_TESTABILITY = YES;
				GCC_C_LANGUAGE_STANDARD = gnu99;
				GCC_DYNAMIC_NO_PIC = NO;
				GCC_NO_COMMON_BLOCKS = YES;
				GCC_OPTIMIZATION_LEVEL = 0;
				GCC_PREPROCESSOR_DEFINITIONS = (
					"DEBUG=1",
					"$(inherited)",
				);
				GCC_WARN_64_TO_32_BIT_CONVERSION = YES;
				GCC_WARN_ABOUT_RETURN_TYPE = YES_ERROR;
				GCC_WARN_UNDECLARED_SELECTOR = YES;
				GCC_WARN_UNINITIALIZED_AUTOS = YES_AGGRESSIVE;
				GCC_WARN_UNUSED_FUNCTION = YES;
				GCC_WARN_UNUSED_VARIABLE = YES;
				IPHONEOS_DEPLOYMENT_TARGET = 9.3;
				MTL_ENABLE_DEBUG_INFO = YES;
				ONLY_ACTIVE_ARCH = YES;
				SDKROOT = iphoneos;
				SWIFT_OPTIMIZATION_LEVEL = "-Onone";
				TARGETED_DEVICE_FAMILY = "1,2";
			};
			name = Debug;
		};
		EE92554D1D1885FF00A8E5CE /* Release */ = {
			isa = XCBuildConfiguration;
			buildSettings = {
				ALWAYS_SEARCH_USER_PATHS = NO;
				CLANG_ANALYZER_NONNULL = YES;
				CLANG_CXX_LANGUAGE_STANDARD = "gnu++0x";
				CLANG_CXX_LIBRARY = "libc++";
				CLANG_ENABLE_MODULES = YES;
				CLANG_ENABLE_OBJC_ARC = YES;
				CLANG_WARN_BOOL_CONVERSION = YES;
				CLANG_WARN_CONSTANT_CONVERSION = YES;
				CLANG_WARN_DIRECT_OBJC_ISA_USAGE = YES_ERROR;
				CLANG_WARN_EMPTY_BODY = YES;
				CLANG_WARN_ENUM_CONVERSION = YES;
				CLANG_WARN_INT_CONVERSION = YES;
				CLANG_WARN_OBJC_ROOT_CLASS = YES_ERROR;
				CLANG_WARN_UNREACHABLE_CODE = YES;
				CLANG_WARN__DUPLICATE_METHOD_MATCH = YES;
				"CODE_SIGN_IDENTITY[sdk=iphoneos*]" = "iPhone Developer";
				COPY_PHASE_STRIP = NO;
				DEBUG_INFORMATION_FORMAT = "dwarf-with-dsym";
				ENABLE_NS_ASSERTIONS = NO;
				ENABLE_STRICT_OBJC_MSGSEND = YES;
				GCC_C_LANGUAGE_STANDARD = gnu99;
				GCC_NO_COMMON_BLOCKS = YES;
				GCC_WARN_64_TO_32_BIT_CONVERSION = YES;
				GCC_WARN_ABOUT_RETURN_TYPE = YES_ERROR;
				GCC_WARN_UNDECLARED_SELECTOR = YES;
				GCC_WARN_UNINITIALIZED_AUTOS = YES_AGGRESSIVE;
				GCC_WARN_UNUSED_FUNCTION = YES;
				GCC_WARN_UNUSED_VARIABLE = YES;
				IPHONEOS_DEPLOYMENT_TARGET = 9.3;
				MTL_ENABLE_DEBUG_INFO = NO;
				SDKROOT = iphoneos;
				TARGETED_DEVICE_FAMILY = "1,2";
				VALIDATE_PRODUCT = YES;
			};
			name = Release;
		};
		EE92554F1D1885FF00A8E5CE /* Debug */ = {
			isa = XCBuildConfiguration;
			buildSettings = {
				ASSETCATALOG_COMPILER_APPICON_NAME = AppIcon;
				INFOPLIST_FILE = INSTGRM/Info.plist;
				IPHONEOS_DEPLOYMENT_TARGET = 9.0;
				LD_RUNPATH_SEARCH_PATHS = "$(inherited) @executable_path/Frameworks";
				PRODUCT_BUNDLE_IDENTIFIER = com.hannahgaskins.INSTGRM;
				PRODUCT_NAME = "$(TARGET_NAME)";
			};
			name = Debug;
		};
		EE9255501D1885FF00A8E5CE /* Release */ = {
			isa = XCBuildConfiguration;
			buildSettings = {
				ASSETCATALOG_COMPILER_APPICON_NAME = AppIcon;
				INFOPLIST_FILE = INSTGRM/Info.plist;
				IPHONEOS_DEPLOYMENT_TARGET = 9.0;
				LD_RUNPATH_SEARCH_PATHS = "$(inherited) @executable_path/Frameworks";
				PRODUCT_BUNDLE_IDENTIFIER = com.hannahgaskins.INSTGRM;
				PRODUCT_NAME = "$(TARGET_NAME)";
			};
			name = Release;
		};
/* End XCBuildConfiguration section */

/* Begin XCConfigurationList section */
		EE9255371D1885FF00A8E5CE /* Build configuration list for PBXProject "INSTGRM" */ = {
			isa = XCConfigurationList;
			buildConfigurations = (
				EE92554C1D1885FF00A8E5CE /* Debug */,
				EE92554D1D1885FF00A8E5CE /* Release */,
			);
			defaultConfigurationIsVisible = 0;
			defaultConfigurationName = Release;
		};
		EE92554E1D1885FF00A8E5CE /* Build configuration list for PBXNativeTarget "INSTGRM" */ = {
			isa = XCConfigurationList;
			buildConfigurations = (
				EE92554F1D1885FF00A8E5CE /* Debug */,
				EE9255501D1885FF00A8E5CE /* Release */,
			);
			defaultConfigurationIsVisible = 0;
			defaultConfigurationName = Release;
		};
/* End XCConfigurationList section */
	};
	rootObject = EE9255341D1885FF00A8E5CE /* Project object */;
}
